
Microsoft Visual Studio Solution File, Format Version 12.00
# Visual Studio Version 17
VisualStudioVersion = 17.5.33516.290
MinimumVisualStudioVersion = 10.0.40219.1
Project("{8BC9CEB8-8B4A-11D0-8D11-00A0C91BC942}") = "Euchre", "Euchre\Euchre.vcxproj", "{4CA0EBB6-29BB-4B9E-8E74-96B909C12A0D}"
EndProject
Global
	GlobalSection(SolutionConfigurationPlatforms) = preSolution
		Debug|x64 = Debug|x64
		Debug|x86 = Debug|x86
		Release|x64 = Release|x64
		Release|x86 = Release|x86
	EndGlobalSection
	GlobalSection(ProjectConfigurationPlatforms) = postSolution
		{4CA0EBB6-29BB-4B9E-8E74-96B909C12A0D}.Debug|x64.ActiveCfg = Debug|x64
		{4CA0EBB6-29BB-4B9E-8E74-96B909C12A0D}.Debug|x64.Build.0 = Debug|x64
		{4CA0EBB6-29BB-4B9E-8E74-96B909C12A0D}.Debug|x86.ActiveCfg = Debug|Win32
		{4CA0EBB6-29BB-4B9E-8E74-96B909C12A0D}.Debug|x86.Build.0 = Debug|Win32
		{4CA0EBB6-29BB-4B9E-8E74-96B909C12A0D}.Release|x64.ActiveCfg = Release|x64
		{4CA0EBB6-29BB-4B9E-8E74-96B909C12A0D}.Release|x64.Build.0 = Release|x64
		{4CA0EBB6-29BB-4B9E-8E74-96B909C12A0D}.Release|x86.ActiveCfg = Release|Win32
		{4CA0EBB6-29BB-4B9E-8E74-96B909C12A0D}.Release|x86.Build.0 = Release|Win32
	EndGlobalSection
	GlobalSection(SolutionProperties) = preSolution
		HideSolutionNode = FALSE
	EndGlobalSection
	GlobalSection(ExtensibilityGlobals) = postSolution
		SolutionGuid = {DF333C0B-C3F6-413E-8973-781404DC9699}
	EndGlobalSection
EndGlobal
